// !$*UTF8*$!
{
	archiveVersion = 1;
	classes = {
	};
	objectVersion = 46;
	objects = {

/* Begin PBXBuildFile section */
		BE1396DB1BE2D128000945C7 /* AppDelegate.swift in Sources */ = {isa = PBXBuildFile; fileRef = BE1396DA1BE2D128000945C7 /* AppDelegate.swift */; };
		BE1396DD1BE2D128000945C7 /* ViewController.swift in Sources */ = {isa = PBXBuildFile; fileRef = BE1396DC1BE2D128000945C7 /* ViewController.swift */; };
		BE1396E01BE2D128000945C7 /* Main.storyboard in Resources */ = {isa = PBXBuildFile; fileRef = BE1396DE1BE2D128000945C7 /* Main.storyboard */; };
		BE1396E21BE2D128000945C7 /* Assets.xcassets in Resources */ = {isa = PBXBuildFile; fileRef = BE1396E11BE2D128000945C7 /* Assets.xcassets */; };
		BE1396E51BE2D128000945C7 /* LaunchScreen.storyboard in Resources */ = {isa = PBXBuildFile; fileRef = BE1396E31BE2D128000945C7 /* LaunchScreen.storyboard */; };
		BE1396F01BE2D128000945C7 /* MemeMeTests.swift in Sources */ = {isa = PBXBuildFile; fileRef = BE1396EF1BE2D128000945C7 /* MemeMeTests.swift */; };
		BE1396FB1BE2D128000945C7 /* MemeMeUITests.swift in Sources */ = {isa = PBXBuildFile; fileRef = BE1396FA1BE2D128000945C7 /* MemeMeUITests.swift */; };
/* End PBXBuildFile section */

/* Begin PBXContainerItemProxy section */
		BE1396EC1BE2D128000945C7 /* PBXContainerItemProxy */ = {
			isa = PBXContainerItemProxy;
			containerPortal = BE1396CF1BE2D128000945C7 /* Project object */;
			proxyType = 1;
			remoteGlobalIDString = BE1396D61BE2D128000945C7;
			remoteInfo = MemeMe;
		};
		BE1396F71BE2D128000945C7 /* PBXContainerItemProxy */ = {
			isa = PBXContainerItemProxy;
			containerPortal = BE1396CF1BE2D128000945C7 /* Project object */;
			proxyType = 1;
			remoteGlobalIDString = BE1396D61BE2D128000945C7;
			remoteInfo = MemeMe;
		};
/* End PBXContainerItemProxy section */

/* Begin PBXFileReference section */
		BE1396D71BE2D128000945C7 /* MemeMe.app */ = {isa = PBXFileReference; explicitFileType = wrapper.application; includeInIndex = 0; path = MemeMe.app; sourceTree = BUILT_PRODUCTS_DIR; };
		BE1396DA1BE2D128000945C7 /* AppDelegate.swift */ = {isa = PBXFileReference; lastKnownFileType = sourcecode.swift; path = AppDelegate.swift; sourceTree = "<group>"; };
		BE1396DC1BE2D128000945C7 /* ViewController.swift */ = {isa = PBXFileReference; lastKnownFileType = sourcecode.swift; path = ViewController.swift; sourceTree = "<group>"; };
		BE1396DF1BE2D128000945C7 /* Base */ = {isa = PBXFileReference; lastKnownFileType = file.storyboard; name = Base; path = Base.lproj/Main.storyboard; sourceTree = "<group>"; };
		BE1396E11BE2D128000945C7 /* Assets.xcassets */ = {isa = PBXFileReference; lastKnownFileType = folder.assetcatalog; path = Assets.xcassets; sourceTree = "<group>"; };
		BE1396E41BE2D128000945C7 /* Base */ = {isa = PBXFileReference; lastKnownFileType = file.storyboard; name = Base; path = Base.lproj/LaunchScreen.storyboard; sourceTree = "<group>"; };
		BE1396E61BE2D128000945C7 /* Info.plist */ = {isa = PBXFileReference; lastKnownFileType = text.plist.xml; path = Info.plist; sourceTree = "<group>"; };
		BE1396EB1BE2D128000945C7 /* MemeMeTests.xctest */ = {isa = PBXFileReference; explicitFileType = wrapper.cfbundle; includeInIndex = 0; path = MemeMeTests.xctest; sourceTree = BUILT_PRODUCTS_DIR; };
		BE1396EF1BE2D128000945C7 /* MemeMeTests.swift */ = {isa = PBXFileReference; lastKnownFileType = sourcecode.swift; path = MemeMeTests.swift; sourceTree = "<group>"; };
		BE1396F11BE2D128000945C7 /* Info.plist */ = {isa = PBXFileReference; lastKnownFileType = text.plist.xml; path = Info.plist; sourceTree = "<group>"; };
		BE1396F61BE2D128000945C7 /* MemeMeUITests.xctest */ = {isa = PBXFileReference; explicitFileType = wrapper.cfbundle; includeInIndex = 0; path = MemeMeUITests.xctest; sourceTree = BUILT_PRODUCTS_DIR; };
		BE1396FA1BE2D128000945C7 /* MemeMeUITests.swift */ = {isa = PBXFileReference; lastKnownFileType = sourcecode.swift; path = MemeMeUITests.swift; sourceTree = "<group>"; };
		BE1396FC1BE2D128000945C7 /* Info.plist */ = {isa = PBXFileReference; lastKnownFileType = text.plist.xml; path = Info.plist; sourceTree = "<group>"; };
/* End PBXFileReference section */

/* Begin PBXFrameworksBuildPhase section */
		BE1396D41BE2D128000945C7 /* Frameworks */ = {
			isa = PBXFrameworksBuildPhase;
			buildActionMask = 2147483647;
			files = (
			);
			runOnlyForDeploymentPostprocessing = 0;
		};
		BE1396E81BE2D128000945C7 /* Frameworks */ = {
			isa = PBXFrameworksBuildPhase;
			buildActionMask = 2147483647;
			files = (
			);
			runOnlyForDeploymentPostprocessing = 0;
		};
		BE1396F31BE2D128000945C7 /* Frameworks */ = {
			isa = PBXFrameworksBuildPhase;
			buildActionMask = 2147483647;
			files = (
			);
			runOnlyForDeploymentPostprocessing = 0;
		};
/* End PBXFrameworksBuildPhase section */

/* Begin PBXGroup section */
		BE1396CE1BE2D128000945C7 = {
			isa = PBXGroup;
			children = (
				BE1396D91BE2D128000945C7 /* MemeMe */,
				BE1396EE1BE2D128000945C7 /* MemeMeTests */,
				BE1396F91BE2D128000945C7 /* MemeMeUITests */,
				BE1396D81BE2D128000945C7 /* Products */,
			);
			sourceTree = "<group>";
		};
		BE1396D81BE2D128000945C7 /* Products */ = {
			isa = PBXGroup;
			children = (
				BE1396D71BE2D128000945C7 /* MemeMe.app */,
				BE1396EB1BE2D128000945C7 /* MemeMeTests.xctest */,
				BE1396F61BE2D128000945C7 /* MemeMeUITests.xctest */,
			);
			name = Products;
			sourceTree = "<group>";
		};
		BE1396D91BE2D128000945C7 /* MemeMe */ = {
			isa = PBXGroup;
			children = (
				BE1396DA1BE2D128000945C7 /* AppDelegate.swift */,
				BE1396DC1BE2D128000945C7 /* ViewController.swift */,
				BE1396DE1BE2D128000945C7 /* Main.storyboard */,
				BE1396E11BE2D128000945C7 /* Assets.xcassets */,
				BE1396E31BE2D128000945C7 /* LaunchScreen.storyboard */,
				BE1396E61BE2D128000945C7 /* Info.plist */,
			);
			path = MemeMe;
			sourceTree = "<group>";
		};
		BE1396EE1BE2D128000945C7 /* MemeMeTests */ = {
			isa = PBXGroup;
			children = (
				BE1396EF1BE2D128000945C7 /* MemeMeTests.swift */,
				BE1396F11BE2D128000945C7 /* Info.plist */,
			);
			path = MemeMeTests;
			sourceTree = "<group>";
		};
		BE1396F91BE2D128000945C7 /* MemeMeUITests */ = {
			isa = PBXGroup;
			children = (
				BE1396FA1BE2D128000945C7 /* MemeMeUITests.swift */,
				BE1396FC1BE2D128000945C7 /* Info.plist */,
			);
			path = MemeMeUITests;
			sourceTree = "<group>";
		};
/* End PBXGroup section */

/* Begin PBXNativeTarget section */
		BE1396D61BE2D128000945C7 /* MemeMe */ = {
			isa = PBXNativeTarget;
			buildConfigurationList = BE1396FF1BE2D128000945C7 /* Build configuration list for PBXNativeTarget "MemeMe" */;
			buildPhases = (
				BE1396D31BE2D128000945C7 /* Sources */,
				BE1396D41BE2D128000945C7 /* Frameworks */,
				BE1396D51BE2D128000945C7 /* Resources */,
			);
			buildRules = (
			);
			dependencies = (
			);
			name = MemeMe;
			productName = MemeMe;
			productReference = BE1396D71BE2D128000945C7 /* MemeMe.app */;
			productType = "com.apple.product-type.application";
		};
		BE1396EA1BE2D128000945C7 /* MemeMeTests */ = {
			isa = PBXNativeTarget;
			buildConfigurationList = BE1397021BE2D128000945C7 /* Build configuration list for PBXNativeTarget "MemeMeTests" */;
			buildPhases = (
				BE1396E71BE2D128000945C7 /* Sources */,
				BE1396E81BE2D128000945C7 /* Frameworks */,
				BE1396E91BE2D128000945C7 /* Resources */,
			);
			buildRules = (
			);
			dependencies = (
				BE1396ED1BE2D128000945C7 /* PBXTargetDependency */,
			);
			name = MemeMeTests;
			productName = MemeMeTests;
			productReference = BE1396EB1BE2D128000945C7 /* MemeMeTests.xctest */;
			productType = "com.apple.product-type.bundle.unit-test";
		};
		BE1396F51BE2D128000945C7 /* MemeMeUITests */ = {
			isa = PBXNativeTarget;
			buildConfigurationList = BE1397051BE2D128000945C7 /* Build configuration list for PBXNativeTarget "MemeMeUITests" */;
			buildPhases = (
				BE1396F21BE2D128000945C7 /* Sources */,
				BE1396F31BE2D128000945C7 /* Frameworks */,
				BE1396F41BE2D128000945C7 /* Resources */,
			);
			buildRules = (
			);
			dependencies = (
				BE1396F81BE2D128000945C7 /* PBXTargetDependency */,
			);
			name = MemeMeUITests;
			productName = MemeMeUITests;
			productReference = BE1396F61BE2D128000945C7 /* MemeMeUITests.xctest */;
			productType = "com.apple.product-type.bundle.ui-testing";
		};
/* End PBXNativeTarget section */

/* Begin PBXProject section */
		BE1396CF1BE2D128000945C7 /* Project object */ = {
			isa = PBXProject;
			attributes = {
				LastSwiftUpdateCheck = 0710;
				LastUpgradeCheck = 0710;
				ORGANIZATIONNAME = "Li Yin";
				TargetAttributes = {
					BE1396D61BE2D128000945C7 = {
						CreatedOnToolsVersion = 7.1;
					};
					BE1396EA1BE2D128000945C7 = {
						CreatedOnToolsVersion = 7.1;
						TestTargetID = BE1396D61BE2D128000945C7;
					};
					BE1396F51BE2D128000945C7 = {
						CreatedOnToolsVersion = 7.1;
						TestTargetID = BE1396D61BE2D128000945C7;
					};
				};
			};
			buildConfigurationList = BE1396D21BE2D128000945C7 /* Build configuration list for PBXProject "MemeMe" */;
			compatibilityVersion = "Xcode 3.2";
			developmentRegion = English;
			hasScannedForEncodings = 0;
			knownRegions = (
				en,
				Base,
			);
			mainGroup = BE1396CE1BE2D128000945C7;
			productRefGroup = BE1396D81BE2D128000945C7 /* Products */;
			projectDirPath = "";
			projectRoot = "";
			targets = (
				BE1396D61BE2D128000945C7 /* MemeMe */,
				BE1396EA1BE2D128000945C7 /* MemeMeTests */,
				BE1396F51BE2D128000945C7 /* MemeMeUITests */,
			);
		};
/* End PBXProject section */

/* Begin PBXResourcesBuildPhase section */
		BE1396D51BE2D128000945C7 /* Resources */ = {
			isa = PBXResourcesBuildPhase;
			buildActionMask = 2147483647;
			files = (
				BE1396E51BE2D128000945C7 /* LaunchScreen.storyboard in Resources */,
				BE1396E21BE2D128000945C7 /* Assets.xcassets in Resources */,
				BE1396E01BE2D128000945C7 /* Main.storyboard in Resources */,
			);
			runOnlyForDeploymentPostprocessing = 0;
		};
		BE1396E91BE2D128000945C7 /* Resources */ = {
			isa = PBXResourcesBuildPhase;
			buildActionMask = 2147483647;
			files = (
			);
			runOnlyForDeploymentPostprocessing = 0;
		};
		BE1396F41BE2D128000945C7 /* Resources */ = {
			isa = PBXResourcesBuildPhase;
			buildActionMask = 2147483647;
			files = (
			);
			runOnlyForDeploymentPostprocessing = 0;
		};
/* End PBXResourcesBuildPhase section */

/* Begin PBXSourcesBuildPhase section */
		BE1396D31BE2D128000945C7 /* Sources */ = {
			isa = PBXSourcesBuildPhase;
			buildActionMask = 2147483647;
			files = (
				BE1396DD1BE2D128000945C7 /* ViewController.swift in Sources */,
				BE1396DB1BE2D128000945C7 /* AppDelegate.swift in Sources */,
			);
			runOnlyForDeploymentPostprocessing = 0;
		};
		BE1396E71BE2D128000945C7 /* Sources */ = {
			isa = PBXSourcesBuildPhase;
			buildActionMask = 2147483647;
			files = (
				BE1396F01BE2D128000945C7 /* MemeMeTests.swift in Sources */,
			);
			runOnlyForDeploymentPostprocessing = 0;
		};
		BE1396F21BE2D128000945C7 /* Sources */ = {
			isa = PBXSourcesBuildPhase;
			buildActionMask = 2147483647;
			files = (
				BE1396FB1BE2D128000945C7 /* MemeMeUITests.swift in Sources */,
			);
			runOnlyForDeploymentPostprocessing = 0;
		};
/* End PBXSourcesBuildPhase section */

/* Begin PBXTargetDependency section */
		BE1396ED1BE2D128000945C7 /* PBXTargetDependency */ = {
			isa = PBXTargetDependency;
			target = BE1396D61BE2D128000945C7 /* MemeMe */;
			targetProxy = BE1396EC1BE2D128000945C7 /* PBXContainerItemProxy */;
		};
		BE1396F81BE2D128000945C7 /* PBXTargetDependency */ = {
			isa = PBXTargetDependency;
			target = BE1396D61BE2D128000945C7 /* MemeMe */;
			targetProxy = BE1396F71BE2D128000945C7 /* PBXContainerItemProxy */;
		};
/* End PBXTargetDependency section */

/* Begin PBXVariantGroup section */
		BE1396DE1BE2D128000945C7 /* Main.storyboard */ = {
			isa = PBXVariantGroup;
			children = (
				BE1396DF1BE2D128000945C7 /* Base */,
			);
			name = Main.storyboard;
			sourceTree = "<group>";
		};
		BE1396E31BE2D128000945C7 /* LaunchScreen.storyboard */ = {
			isa = PBXVariantGroup;
			children = (
				BE1396E41BE2D128000945C7 /* Base */,
			);
			name = LaunchScreen.storyboard;
			sourceTree = "<group>";
		};
/* End PBXVariantGroup section */

/* Begin XCBuildConfiguration section */
		BE1396FD1BE2D128000945C7 /* Debug */ = {
			isa = XCBuildConfiguration;
			buildSettings = {
				ALWAYS_SEARCH_USER_PATHS = NO;
				CLANG_CXX_LANGUAGE_STANDARD = "gnu++0x";
				CLANG_CXX_LIBRARY = "libc++";
				CLANG_ENABLE_MODULES = YES;
				CLANG_ENABLE_OBJC_ARC = YES;
				CLANG_WARN_BOOL_CONVERSION = YES;
				CLANG_WARN_CONSTANT_CONVERSION = YES;
				CLANG_WARN_DIRECT_OBJC_ISA_USAGE = YES_ERROR;
				CLANG_WARN_EMPTY_BODY = YES;
				CLANG_WARN_ENUM_CONVERSION = YES;
				CLANG_WARN_INT_CONVERSION = YES;
				CLANG_WARN_OBJC_ROOT_CLASS = YES_ERROR;
				CLANG_WARN_UNREACHABLE_CODE = YES;
				CLANG_WARN__DUPLICATE_METHOD_MATCH = YES;
				"CODE_SIGN_IDENTITY[sdk=iphoneos*]" = "iPhone Developer";
				COPY_PHASE_STRIP = NO;
				DEBUG_INFORMATION_FORMAT = dwarf;
				ENABLE_STRICT_OBJC_MSGSEND = YES;
				ENABLE_TESTABILITY = YES;
				GCC_C_LANGUAGE_STANDARD = gnu99;
				GCC_DYNAMIC_NO_PIC = NO;
				GCC_NO_COMMON_BLOCKS = YES;
				GCC_OPTIMIZATION_LEVEL = 0;
				GCC_PREPROCESSOR_DEFINITIONS = (
					"DEBUG=1",
					"$(inherited)",
				);
				GCC_WARN_64_TO_32_BIT_CONVERSION = YES;
				GCC_WARN_ABOUT_RETURN_TYPE = YES_ERROR;
				GCC_WARN_UNDECLARED_SELECTOR = YES;
				GCC_WARN_UNINITIALIZED_AUTOS = YES_AGGRESSIVE;
				GCC_WARN_UNUSED_FUNCTION = YES;
				GCC_WARN_UNUSED_VARIABLE = YES;
				IPHONEOS_DEPLOYMENT_TARGET = 9.1;
				MTL_ENABLE_DEBUG_INFO = YES;
				ONLY_ACTIVE_ARCH = YES;
				SDKROOT = iphoneos;
				SWIFT_OPTIMIZATION_LEVEL = "-Onone";
				TARGETED_DEVICE_FAMILY = "1,2";
			};
			name = Debug;
		};
		BE1396FE1BE2D128000945C7 /* Release */ = {
			isa = XCBuildConfiguration;
			buildSettings = {
				ALWAYS_SEARCH_USER_PATHS = NO;
				CLANG_CXX_LANGUAGE_STANDARD = "gnu++0x";
				CLANG_CXX_LIBRARY = "libc++";
				CLANG_ENABLE_MODULES = YES;
				CLANG_ENABLE_OBJC_ARC = YES;
				CLANG_WARN_BOOL_CONVERSION = YES;
				CLANG_WARN_CONSTANT_CONVERSION = YES;
				CLANG_WARN_DIRECT_OBJC_ISA_USAGE = YES_ERROR;
				CLANG_WARN_EMPTY_BODY = YES;
				CLANG_WARN_ENUM_CONVERSION = YES;
				CLANG_WARN_INT_CONVERSION = YES;
				CLANG_WARN_OBJC_ROOT_CLASS = YES_ERROR;
				CLANG_WARN_UNREACHABLE_CODE = YES;
				CLANG_WARN__DUPLICATE_METHOD_MATCH = YES;
				"CODE_SIGN_IDENTITY[sdk=iphoneos*]" = "iPhone Developer";
				COPY_PHASE_STRIP = NO;
				DEBUG_INFORMATION_FORMAT = "dwarf-with-dsym";
				ENABLE_NS_ASSERTIONS = NO;
				ENABLE_STRICT_OBJC_MSGSEND = YES;
				GCC_C_LANGUAGE_STANDARD = gnu99;
				GCC_NO_COMMON_BLOCKS = YES;
				GCC_WARN_64_TO_32_BIT_CONVERSION = YES;
				GCC_WARN_ABOUT_RETURN_TYPE = YES_ERROR;
				GCC_WARN_UNDECLARED_SELECTOR = YES;
				GCC_WARN_UNINITIALIZED_AUTOS = YES_AGGRESSIVE;
				GCC_WARN_UNUSED_FUNCTION = YES;
				GCC_WARN_UNUSED_VARIABLE = YES;
				IPHONEOS_DEPLOYMENT_TARGET = 9.1;
				MTL_ENABLE_DEBUG_INFO = NO;
				SDKROOT = iphoneos;
				TARGETED_DEVICE_FAMILY = "1,2";
				VALIDATE_PRODUCT = YES;
			};
			name = Release;
		};
		BE1397001BE2D128000945C7 /* Debug */ = {
			isa = XCBuildConfiguration;
			buildSettings = {
				ASSETCATALOG_COMPILER_APPICON_NAME = AppIcon;
				INFOPLIST_FILE = MemeMe/Info.plist;
				LD_RUNPATH_SEARCH_PATHS = "$(inherited) @executable_path/Frameworks";
				PRODUCT_BUNDLE_IDENTIFIER = sbdk.MemeMe;
				PRODUCT_NAME = "$(TARGET_NAME)";
			};
			name = Debug;
		};
		BE1397011BE2D128000945C7 /* Release */ = {
			isa = XCBuildConfiguration;
			buildSettings = {
				ASSETCATALOG_COMPILER_APPICON_NAME = AppIcon;
				INFOPLIST_FILE = MemeMe/Info.plist;
				LD_RUNPATH_SEARCH_PATHS = "$(inherited) @executable_path/Frameworks";
				PRODUCT_BUNDLE_IDENTIFIER = sbdk.MemeMe;
				PRODUCT_NAME = "$(TARGET_NAME)";
			};
			name = Release;
		};
		BE1397031BE2D128000945C7 /* Debug */ = {
			isa = XCBuildConfiguration;
			buildSettings = {
				BUNDLE_LOADER = "$(TEST_HOST)";
				INFOPLIST_FILE = MemeMeTests/Info.plist;
				LD_RUNPATH_SEARCH_PATHS = "$(inherited) @executable_path/Frameworks @loader_path/Frameworks";
				PRODUCT_BUNDLE_IDENTIFIER = sbdk.MemeMeTests;
				PRODUCT_NAME = "$(TARGET_NAME)";
				TEST_HOST = "$(BUILT_PRODUCTS_DIR)/MemeMe.app/MemeMe";
			};
			name = Debug;
		};
		BE1397041BE2D128000945C7 /* Release */ = {
			isa = XCBuildConfiguration;
			buildSettings = {
				BUNDLE_LOADER = "$(TEST_HOST)";
				INFOPLIST_FILE = MemeMeTests/Info.plist;
				LD_RUNPATH_SEARCH_PATHS = "$(inherited) @executable_path/Frameworks @loader_path/Frameworks";
				PRODUCT_BUNDLE_IDENTIFIER = sbdk.MemeMeTests;
				PRODUCT_NAME = "$(TARGET_NAME)";
				TEST_HOST = "$(BUILT_PRODUCTS_DIR)/MemeMe.app/MemeMe";
			};
			name = Release;
		};
		BE1397061BE2D128000945C7 /* Debug */ = {
			isa = XCBuildConfiguration;
			buildSettings = {
				INFOPLIST_FILE = MemeMeUITests/Info.plist;
				LD_RUNPATH_SEARCH_PATHS = "$(inherited) @executable_path/Frameworks @loader_path/Frameworks";
				PRODUCT_BUNDLE_IDENTIFIER = sbdk.MemeMeUITests;
				PRODUCT_NAME = "$(TARGET_NAME)";
				TEST_TARGET_NAME = MemeMe;
				USES_XCTRUNNER = YES;
			};
			name = Debug;
		};
		BE1397071BE2D128000945C7 /* Release */ = {
			isa = XCBuildConfiguration;
			buildSettings = {
				INFOPLIST_FILE = MemeMeUITests/Info.plist;
				LD_RUNPATH_SEARCH_PATHS = "$(inherited) @executable_path/Frameworks @loader_path/Frameworks";
				PRODUCT_BUNDLE_IDENTIFIER = sbdk.MemeMeUITests;
				PRODUCT_NAME = "$(TARGET_NAME)";
				TEST_TARGET_NAME = MemeMe;
				USES_XCTRUNNER = YES;
			};
			name = Release;
		};
/* End XCBuildConfiguration section */

/* Begin XCConfigurationList section */
		BE1396D21BE2D128000945C7 /* Build configuration list for PBXProject "MemeMe" */ = {
			isa = XCConfigurationList;
			buildConfigurations = (
				BE1396FD1BE2D128000945C7 /* Debug */,
				BE1396FE1BE2D128000945C7 /* Release */,
			);
			defaultConfigurationIsVisible = 0;
			defaultConfigurationName = Release;
		};
		BE1396FF1BE2D128000945C7 /* Build configuration list for PBXNativeTarget "MemeMe" */ = {
			isa = XCConfigurationList;
			buildConfigurations = (
				BE1397001BE2D128000945C7 /* Debug */,
				BE1397011BE2D128000945C7 /* Release */,
			);
			defaultConfigurationIsVisible = 0;
		};
		BE1397021BE2D128000945C7 /* Build configuration list for PBXNativeTarget "MemeMeTests" */ = {
			isa = XCConfigurationList;
			buildConfigurations = (
				BE1397031BE2D128000945C7 /* Debug */,
				BE1397041BE2D128000945C7 /* Release */,
			);
			defaultConfigurationIsVisible = 0;
		};
		BE1397051BE2D128000945C7 /* Build configuration list for PBXNativeTarget "MemeMeUITests" */ = {
			isa = XCConfigurationList;
			buildConfigurations = (
				BE1397061BE2D128000945C7 /* Debug */,
				BE1397071BE2D128000945C7 /* Release */,
			);
			defaultConfigurationIsVisible = 0;
		};
/* End XCConfigurationList section */
	};
	rootObject = BE1396CF1BE2D128000945C7 /* Project object */;
}
